
Microsoft Visual Studio Solution File, Format Version 12.00
# Visual Studio Version 16
VisualStudioVersion = 16.0.29519.87
MinimumVisualStudioVersion = 10.0.40219.1
Project("{FAE04EC0-301F-11D3-BF4B-00C04F79EFBC}") = "Program Hide", "Program Hide.csproj", "{C9238F3D-31AE-453C-B270-596111219D67}"
EndProject
Global
	GlobalSection(SolutionConfigurationPlatforms) = preSolution
		Debug|Any CPU = Debug|Any CPU
		Release|Any CPU = Release|Any CPU
	EndGlobalSection
	GlobalSection(ProjectConfigurationPlatforms) = postSolution
		{C9238F3D-31AE-453C-B270-596111219D67}.Debug|Any CPU.ActiveCfg = Debug|Any CPU
		{C9238F3D-31AE-453C-B270-596111219D67}.Debug|Any CPU.Build.0 = Debug|Any CPU
		{C9238F3D-31AE-453C-B270-596111219D67}.Release|Any CPU.ActiveCfg = Release|Any CPU
		{C9238F3D-31AE-453C-B270-596111219D67}.Release|Any CPU.Build.0 = Release|Any CPU
	EndGlobalSection
	GlobalSection(SolutionProperties) = preSolution
		HideSolutionNode = FALSE
	EndGlobalSection
	GlobalSection(ExtensibilityGlobals) = postSolution
		SolutionGuid = {7167EC38-01AA-40B3-B1C2-AA22BED4CB1D}
	EndGlobalSection
EndGlobal
